{
  "name": "docs",
  "version": "1.0.0",
  "lockfileVersion": 3,
  "requires": true,
  "packages": {
    "": {
      "name": "docs",
      "version": "1.0.0",
      "license": "ISC",
      "dependencies": {
        "retypeapp": "^3.5.0"
      }
    },
    "node_modules/retypeapp": {
      "version": "3.5.0",
      "resolved": "https://registry.npmjs.org/retypeapp/-/retypeapp-3.5.0.tgz",
      "integrity": "sha512-YhHilXfKLXU2BCZ0lfj4tUVMrk8nUjkSCAoV52xIPfRfSKQQah9D5vn2Eiu+FUmeGGEB9gykr8UVi7CvjmiqbQ==",
      "bin": {
        "retype": "retype.js"
      }
    }
  }
}
